
Microsoft Visual Studio Solution File, Format Version 12.00
# Visual Studio 2013
VisualStudioVersion = 12.0.30501.0
MinimumVisualStudioVersion = 10.0.40219.1
Project("{FAE04EC0-301F-11D3-BF4B-00C04F79EFBC}") = "CastleInteg1", "CastleInteg1\CastleInteg1.csproj", "{3DA33E5B-3A55-46EF-8913-1FD91650FB32}"
EndProject
Project("{FAE04EC0-301F-11D3-BF4B-00C04F79EFBC}") = "Service", "Service\Service.csproj", "{29B954BF-C903-4302-8C42-88D712FA4FF8}"
EndProject
Project("{FAE04EC0-301F-11D3-BF4B-00C04F79EFBC}") = "Entity", "Entity\Entity.csproj", "{312CC853-CD42-4C40-82A8-23229C5BEA54}"
EndProject
Global
	GlobalSection(SolutionConfigurationPlatforms) = preSolution
		Debug|Any CPU = Debug|Any CPU
		Release|Any CPU = Release|Any CPU
	EndGlobalSection
	GlobalSection(ProjectConfigurationPlatforms) = postSolution
		{3DA33E5B-3A55-46EF-8913-1FD91650FB32}.Debug|Any CPU.ActiveCfg = Debug|Any CPU
		{3DA33E5B-3A55-46EF-8913-1FD91650FB32}.Debug|Any CPU.Build.0 = Debug|Any CPU
		{3DA33E5B-3A55-46EF-8913-1FD91650FB32}.Release|Any CPU.ActiveCfg = Release|Any CPU
		{3DA33E5B-3A55-46EF-8913-1FD91650FB32}.Release|Any CPU.Build.0 = Release|Any CPU
		{29B954BF-C903-4302-8C42-88D712FA4FF8}.Debug|Any CPU.ActiveCfg = Debug|Any CPU
		{29B954BF-C903-4302-8C42-88D712FA4FF8}.Debug|Any CPU.Build.0 = Debug|Any CPU
		{29B954BF-C903-4302-8C42-88D712FA4FF8}.Release|Any CPU.ActiveCfg = Release|Any CPU
		{29B954BF-C903-4302-8C42-88D712FA4FF8}.Release|Any CPU.Build.0 = Release|Any CPU
		{312CC853-CD42-4C40-82A8-23229C5BEA54}.Debug|Any CPU.ActiveCfg = Debug|Any CPU
		{312CC853-CD42-4C40-82A8-23229C5BEA54}.Debug|Any CPU.Build.0 = Debug|Any CPU
		{312CC853-CD42-4C40-82A8-23229C5BEA54}.Release|Any CPU.ActiveCfg = Release|Any CPU
		{312CC853-CD42-4C40-82A8-23229C5BEA54}.Release|Any CPU.Build.0 = Release|Any CPU
	EndGlobalSection
	GlobalSection(SolutionProperties) = preSolution
		HideSolutionNode = FALSE
	EndGlobalSection
EndGlobal
